Microsoft Visual Studio Solution File, Format Version 12.00
# Visual Studio Version 17
VisualStudioVersion = 17.5.2.0
MinimumVisualStudioVersion = 10.0.40219.1
Project("{2150E333-8FDC-42A3-9474-1A3956D46DE8}") = "apps", "apps", "{1787FE1D-075E-9E68-7218-25F1BD1BBEAB}"
EndProject
Project("{2150E333-8FDC-42A3-9474-1A3956D46DE8}") = "infra", "infra", "{30258541-D0D8-F3FD-D559-E63D6BF074C2}"
EndProject
Project("{2150E333-8FDC-42A3-9474-1A3956D46DE8}") = "api", "api", "{BC2D172B-13BC-136C-CDB1-4B1A687208C4}"
EndProject
Project("{FAE04EC0-301F-11D3-BF4B-00C04F79EFBC}") = "GeoAlert.Api", "apps\api\GeoAlert.Api\GeoAlert.Api.csproj", "{13808EC4-EEED-3B35-B05F-C9D98CBB8002}"
EndProject
Project("{2150E333-8FDC-42A3-9474-1A3956D46DE8}") = "node_modules", "node_modules", "{91CA5938-D1DC-32B0-40DD-8A968374AF2B}"
EndProject
Project("{2150E333-8FDC-42A3-9474-1A3956D46DE8}") = "aws-cdk", "aws-cdk", "{A6C89F0D-2579-85B0-E963-F257DB979D00}"
EndProject
Project("{2150E333-8FDC-42A3-9474-1A3956D46DE8}") = "lib", "lib", "{20123C0C-89C5-2332-C0D2-20D7F4A3A4CD}"
EndProject
Project("{2150E333-8FDC-42A3-9474-1A3956D46DE8}") = "init-templates", "init-templates", "{AB451F1F-0E07-C085-ACB6-2F86A577500E}"
EndProject
Project("{2150E333-8FDC-42A3-9474-1A3956D46DE8}") = "sample-app", "sample-app", "{4C06F379-F9C5-0032-E079-61CE1F07F3E6}"
EndProject
Project("{2150E333-8FDC-42A3-9474-1A3956D46DE8}") = "csharp", "csharp", "{0F54347F-E59C-9976-B941-FC40F3915338}"
EndProject
Project("{2150E333-8FDC-42A3-9474-1A3956D46DE8}") = "src", "src", "{BD30F43B-5143-3561-68BD-6754E90E9766}"
EndProject
Project("{FAE04EC0-301F-11D3-BF4B-00C04F79EFBC}") = "%name.PascalCased%.template", "infra\node_modules\aws-cdk\lib\init-templates\sample-app\csharp\src\%name.PascalCased%\%name.PascalCased%.template.csproj", "{0B562F96-5D97-1B05-8C87-361A8A297E05}"
EndProject
Project("{2150E333-8FDC-42A3-9474-1A3956D46DE8}") = "app", "app", "{92AB3302-B3D1-15A9-40AF-7FF00229B3F7}"
EndProject
Project("{2150E333-8FDC-42A3-9474-1A3956D46DE8}") = "csharp", "csharp", "{566A846D-C5F7-2159-6132-A61951550A88}"
EndProject
Project("{2150E333-8FDC-42A3-9474-1A3956D46DE8}") = "src", "src", "{9B2F421B-828E-C324-671E-32336E2E206B}"
EndProject
Project("{FAE04EC0-301F-11D3-BF4B-00C04F79EFBC}") = "%name.PascalCased%.template", "infra\node_modules\aws-cdk\lib\init-templates\app\csharp\src\%name.PascalCased%\%name.PascalCased%.template.csproj", "{63093DCA-5BB0-7FA1-2316-79348425E1C9}"
EndProject
Global
	GlobalSection(SolutionConfigurationPlatforms) = preSolution
		Debug|Any CPU = Debug|Any CPU
		Release|Any CPU = Release|Any CPU
	EndGlobalSection
	GlobalSection(ProjectConfigurationPlatforms) = postSolution
		{13808EC4-EEED-3B35-B05F-C9D98CBB8002}.Debug|Any CPU.ActiveCfg = Debug|Any CPU
		{13808EC4-EEED-3B35-B05F-C9D98CBB8002}.Debug|Any CPU.Build.0 = Debug|Any CPU
		{13808EC4-EEED-3B35-B05F-C9D98CBB8002}.Release|Any CPU.ActiveCfg = Release|Any CPU
		{13808EC4-EEED-3B35-B05F-C9D98CBB8002}.Release|Any CPU.Build.0 = Release|Any CPU
		{0B562F96-5D97-1B05-8C87-361A8A297E05}.Debug|Any CPU.ActiveCfg = Debug|Any CPU
		{0B562F96-5D97-1B05-8C87-361A8A297E05}.Debug|Any CPU.Build.0 = Debug|Any CPU
		{0B562F96-5D97-1B05-8C87-361A8A297E05}.Release|Any CPU.ActiveCfg = Release|Any CPU
		{0B562F96-5D97-1B05-8C87-361A8A297E05}.Release|Any CPU.Build.0 = Release|Any CPU
		{63093DCA-5BB0-7FA1-2316-79348425E1C9}.Debug|Any CPU.ActiveCfg = Debug|Any CPU
		{63093DCA-5BB0-7FA1-2316-79348425E1C9}.Debug|Any CPU.Build.0 = Debug|Any CPU
		{63093DCA-5BB0-7FA1-2316-79348425E1C9}.Release|Any CPU.ActiveCfg = Release|Any CPU
		{63093DCA-5BB0-7FA1-2316-79348425E1C9}.Release|Any CPU.Build.0 = Release|Any CPU
	EndGlobalSection
	GlobalSection(SolutionProperties) = preSolution
		HideSolutionNode = FALSE
	EndGlobalSection
	GlobalSection(NestedProjects) = preSolution
		{BC2D172B-13BC-136C-CDB1-4B1A687208C4} = {1787FE1D-075E-9E68-7218-25F1BD1BBEAB}
		{13808EC4-EEED-3B35-B05F-C9D98CBB8002} = {BC2D172B-13BC-136C-CDB1-4B1A687208C4}
		{91CA5938-D1DC-32B0-40DD-8A968374AF2B} = {30258541-D0D8-F3FD-D559-E63D6BF074C2}
		{A6C89F0D-2579-85B0-E963-F257DB979D00} = {91CA5938-D1DC-32B0-40DD-8A968374AF2B}
		{20123C0C-89C5-2332-C0D2-20D7F4A3A4CD} = {A6C89F0D-2579-85B0-E963-F257DB979D00}
		{AB451F1F-0E07-C085-ACB6-2F86A577500E} = {20123C0C-89C5-2332-C0D2-20D7F4A3A4CD}
		{4C06F379-F9C5-0032-E079-61CE1F07F3E6} = {AB451F1F-0E07-C085-ACB6-2F86A577500E}
		{0F54347F-E59C-9976-B941-FC40F3915338} = {4C06F379-F9C5-0032-E079-61CE1F07F3E6}
		{BD30F43B-5143-3561-68BD-6754E90E9766} = {0F54347F-E59C-9976-B941-FC40F3915338}
		{0B562F96-5D97-1B05-8C87-361A8A297E05} = {BD30F43B-5143-3561-68BD-6754E90E9766}
		{92AB3302-B3D1-15A9-40AF-7FF00229B3F7} = {AB451F1F-0E07-C085-ACB6-2F86A577500E}
		{566A846D-C5F7-2159-6132-A61951550A88} = {92AB3302-B3D1-15A9-40AF-7FF00229B3F7}
		{9B2F421B-828E-C324-671E-32336E2E206B} = {566A846D-C5F7-2159-6132-A61951550A88}
		{63093DCA-5BB0-7FA1-2316-79348425E1C9} = {9B2F421B-828E-C324-671E-32336E2E206B}
	EndGlobalSection
	GlobalSection(ExtensibilityGlobals) = postSolution
		SolutionGuid = {09B580FD-9B8F-4A34-B4E5-B9B4309AB082}
	EndGlobalSection
EndGlobal
